// !$*UTF8*$!
{
	archiveVersion = 1;
	classes = {
	};
	objectVersion = 55;
	objects = {

/* Begin PBXBuildFile section */
		83309C9028912CFB00C3F3F2 /* FavoriteButton.swift in Sources */ = {isa = PBXBuildFile; fileRef = 83309C8F28912CFB00C3F3F2 /* FavoriteButton.swift */; };
		83309C9128912CFB00C3F3F2 /* FavoriteButton.swift in Sources */ = {isa = PBXBuildFile; fileRef = 83309C8F28912CFB00C3F3F2 /* FavoriteButton.swift */; };
		83309C9228912CFB00C3F3F2 /* FavoriteButton.swift in Sources */ = {isa = PBXBuildFile; fileRef = 83309C8F28912CFB00C3F3F2 /* FavoriteButton.swift */; };
		83309C95289155BB00C3F3F2 /* HexagonParameters.swift in Sources */ = {isa = PBXBuildFile; fileRef = 83309C94289155BB00C3F3F2 /* HexagonParameters.swift */; };
		83309C96289155BB00C3F3F2 /* HexagonParameters.swift in Sources */ = {isa = PBXBuildFile; fileRef = 83309C94289155BB00C3F3F2 /* HexagonParameters.swift */; };
		83309C97289155BB00C3F3F2 /* HexagonParameters.swift in Sources */ = {isa = PBXBuildFile; fileRef = 83309C94289155BB00C3F3F2 /* HexagonParameters.swift */; };
		83309C99289159B800C3F3F2 /* BadgeBackground.swift in Sources */ = {isa = PBXBuildFile; fileRef = 83309C98289159B800C3F3F2 /* BadgeBackground.swift */; };
		83309C9A289159B800C3F3F2 /* BadgeBackground.swift in Sources */ = {isa = PBXBuildFile; fileRef = 83309C98289159B800C3F3F2 /* BadgeBackground.swift */; };
		83309C9B289159B800C3F3F2 /* BadgeBackground.swift in Sources */ = {isa = PBXBuildFile; fileRef = 83309C98289159B800C3F3F2 /* BadgeBackground.swift */; };
		834BB41F2890ACEC002D6CE7 /* LandmarkRow.swift in Sources */ = {isa = PBXBuildFile; fileRef = 834BB41E2890ACEC002D6CE7 /* LandmarkRow.swift */; };
		834BB4202890ACEC002D6CE7 /* LandmarkRow.swift in Sources */ = {isa = PBXBuildFile; fileRef = 834BB41E2890ACEC002D6CE7 /* LandmarkRow.swift */; };
		834BB4212890ACEC002D6CE7 /* LandmarkRow.swift in Sources */ = {isa = PBXBuildFile; fileRef = 834BB41E2890ACEC002D6CE7 /* LandmarkRow.swift */; };
		834BB4232890AF34002D6CE7 /* LandmarkList.swift in Sources */ = {isa = PBXBuildFile; fileRef = 834BB4222890AF34002D6CE7 /* LandmarkList.swift */; };
		834BB4242890AF34002D6CE7 /* LandmarkList.swift in Sources */ = {isa = PBXBuildFile; fileRef = 834BB4222890AF34002D6CE7 /* LandmarkList.swift */; };
		834BB4252890AF34002D6CE7 /* LandmarkList.swift in Sources */ = {isa = PBXBuildFile; fileRef = 834BB4222890AF34002D6CE7 /* LandmarkList.swift */; };
		834BB4272890B0D2002D6CE7 /* LandmarkDetail.swift in Sources */ = {isa = PBXBuildFile; fileRef = 834BB4262890B0D2002D6CE7 /* LandmarkDetail.swift */; };
		834BB4282890B0D2002D6CE7 /* LandmarkDetail.swift in Sources */ = {isa = PBXBuildFile; fileRef = 834BB4262890B0D2002D6CE7 /* LandmarkDetail.swift */; };
		834BB4292890B0D2002D6CE7 /* LandmarkDetail.swift in Sources */ = {isa = PBXBuildFile; fileRef = 834BB4262890B0D2002D6CE7 /* LandmarkDetail.swift */; };
		8379FFD72893F18C00A763E0 /* hikeData.json in Resources */ = {isa = PBXBuildFile; fileRef = 8379FFD62893F18C00A763E0 /* hikeData.json */; };
		8379FFD82893F18C00A763E0 /* hikeData.json in Resources */ = {isa = PBXBuildFile; fileRef = 8379FFD62893F18C00A763E0 /* hikeData.json */; };
		8379FFD92893F18C00A763E0 /* hikeData.json in Resources */ = {isa = PBXBuildFile; fileRef = 8379FFD62893F18C00A763E0 /* hikeData.json */; };
		8379FFDB2893F1CA00A763E0 /* Hike.swift in Sources */ = {isa = PBXBuildFile; fileRef = 8379FFDA2893F1CA00A763E0 /* Hike.swift */; };
		8379FFDC2893F1CA00A763E0 /* Hike.swift in Sources */ = {isa = PBXBuildFile; fileRef = 8379FFDA2893F1CA00A763E0 /* Hike.swift */; };
		8379FFDD2893F1CA00A763E0 /* Hike.swift in Sources */ = {isa = PBXBuildFile; fileRef = 8379FFDA2893F1CA00A763E0 /* Hike.swift */; };
		8379FFE32893F5D200A763E0 /* GraphCapsule.swift in Sources */ = {isa = PBXBuildFile; fileRef = 8379FFDF2893F5D200A763E0 /* GraphCapsule.swift */; };
		8379FFE42893F5D200A763E0 /* GraphCapsule.swift in Sources */ = {isa = PBXBuildFile; fileRef = 8379FFDF2893F5D200A763E0 /* GraphCapsule.swift */; };
		8379FFE52893F5D200A763E0 /* GraphCapsule.swift in Sources */ = {isa = PBXBuildFile; fileRef = 8379FFDF2893F5D200A763E0 /* GraphCapsule.swift */; };
		8379FFE62893F5D200A763E0 /* HikeGraph.swift in Sources */ = {isa = PBXBuildFile; fileRef = 8379FFE02893F5D200A763E0 /* HikeGraph.swift */; };
		8379FFE72893F5D200A763E0 /* HikeGraph.swift in Sources */ = {isa = PBXBuildFile; fileRef = 8379FFE02893F5D200A763E0 /* HikeGraph.swift */; };
		8379FFE82893F5D200A763E0 /* HikeGraph.swift in Sources */ = {isa = PBXBuildFile; fileRef = 8379FFE02893F5D200A763E0 /* HikeGraph.swift */; };
		8379FFE92893F5D200A763E0 /* HikeDetail.swift in Sources */ = {isa = PBXBuildFile; fileRef = 8379FFE12893F5D200A763E0 /* HikeDetail.swift */; };
		8379FFEA2893F5D200A763E0 /* HikeDetail.swift in Sources */ = {isa = PBXBuildFile; fileRef = 8379FFE12893F5D200A763E0 /* HikeDetail.swift */; };
		8379FFEB2893F5D200A763E0 /* HikeDetail.swift in Sources */ = {isa = PBXBuildFile; fileRef = 8379FFE12893F5D200A763E0 /* HikeDetail.swift */; };
		8379FFEC2893F5D200A763E0 /* HikeView.swift in Sources */ = {isa = PBXBuildFile; fileRef = 8379FFE22893F5D200A763E0 /* HikeView.swift */; };
		8379FFED2893F5D200A763E0 /* HikeView.swift in Sources */ = {isa = PBXBuildFile; fileRef = 8379FFE22893F5D200A763E0 /* HikeView.swift */; };
		8379FFEE2893F5D200A763E0 /* HikeView.swift in Sources */ = {isa = PBXBuildFile; fileRef = 8379FFE22893F5D200A763E0 /* HikeView.swift */; };
		83A8CCE62894CB26000F7FE5 /* CategoryHome.swift in Sources */ = {isa = PBXBuildFile; fileRef = 83A8CCE52894CB26000F7FE5 /* CategoryHome.swift */; };
		83A8CCE72894CB26000F7FE5 /* CategoryHome.swift in Sources */ = {isa = PBXBuildFile; fileRef = 83A8CCE52894CB26000F7FE5 /* CategoryHome.swift */; };
		83A8CCE82894CB26000F7FE5 /* CategoryHome.swift in Sources */ = {isa = PBXBuildFile; fileRef = 83A8CCE52894CB26000F7FE5 /* CategoryHome.swift */; };
		83A8CCEA28954244000F7FE5 /* CategoryRow.swift in Sources */ = {isa = PBXBuildFile; fileRef = 83A8CCE928954244000F7FE5 /* CategoryRow.swift */; };
		83A8CCEB28954244000F7FE5 /* CategoryRow.swift in Sources */ = {isa = PBXBuildFile; fileRef = 83A8CCE928954244000F7FE5 /* CategoryRow.swift */; };
		83A8CCEC28954244000F7FE5 /* CategoryRow.swift in Sources */ = {isa = PBXBuildFile; fileRef = 83A8CCE928954244000F7FE5 /* CategoryRow.swift */; };
		83A8CCEE28954507000F7FE5 /* CategoryItem.swift in Sources */ = {isa = PBXBuildFile; fileRef = 83A8CCED28954507000F7FE5 /* CategoryItem.swift */; };
		83A8CCEF28954507000F7FE5 /* CategoryItem.swift in Sources */ = {isa = PBXBuildFile; fileRef = 83A8CCED28954507000F7FE5 /* CategoryItem.swift */; };
		83A8CCF028954507000F7FE5 /* CategoryItem.swift in Sources */ = {isa = PBXBuildFile; fileRef = 83A8CCED28954507000F7FE5 /* CategoryItem.swift */; };
		83A8CCF228954DB9000F7FE5 /* Profile.swift in Sources */ = {isa = PBXBuildFile; fileRef = 83A8CCF128954DB9000F7FE5 /* Profile.swift */; };
		83A8CCF328954DB9000F7FE5 /* Profile.swift in Sources */ = {isa = PBXBuildFile; fileRef = 83A8CCF128954DB9000F7FE5 /* Profile.swift */; };
		83A8CCF428954DB9000F7FE5 /* Profile.swift in Sources */ = {isa = PBXBuildFile; fileRef = 83A8CCF128954DB9000F7FE5 /* Profile.swift */; };
		83A8CCFA2895501A000F7FE5 /* ProfileSummary.swift in Sources */ = {isa = PBXBuildFile; fileRef = 83A8CCF92895501A000F7FE5 /* ProfileSummary.swift */; };
		83A8CCFB2895501A000F7FE5 /* ProfileSummary.swift in Sources */ = {isa = PBXBuildFile; fileRef = 83A8CCF92895501A000F7FE5 /* ProfileSummary.swift */; };
		83A8CCFC2895501A000F7FE5 /* ProfileSummary.swift in Sources */ = {isa = PBXBuildFile; fileRef = 83A8CCF92895501A000F7FE5 /* ProfileSummary.swift */; };
		83A8CD032895619B000F7FE5 /* HikeBadge.swift in Sources */ = {isa = PBXBuildFile; fileRef = 83A8CD022895619B000F7FE5 /* HikeBadge.swift */; };
		83A8CD042895619B000F7FE5 /* HikeBadge.swift in Sources */ = {isa = PBXBuildFile; fileRef = 83A8CD022895619B000F7FE5 /* HikeBadge.swift */; };
		83A8CD052895619B000F7FE5 /* HikeBadge.swift in Sources */ = {isa = PBXBuildFile; fileRef = 83A8CD022895619B000F7FE5 /* HikeBadge.swift */; };
		83B25AEE288F977B00F34163 /* LandmarksApp.swift in Sources */ = {isa = PBXBuildFile; fileRef = 83B25AED288F977B00F34163 /* LandmarksApp.swift */; };
		83B25AF0288F977B00F34163 /* ContentView.swift in Sources */ = {isa = PBXBuildFile; fileRef = 83B25AEF288F977B00F34163 /* ContentView.swift */; };
		83B25AF2288F977D00F34163 /* Assets.xcassets in Resources */ = {isa = PBXBuildFile; fileRef = 83B25AF1288F977D00F34163 /* Assets.xcassets */; };
		83B25AF5288F977D00F34163 /* Preview Assets.xcassets in Resources */ = {isa = PBXBuildFile; fileRef = 83B25AF4288F977D00F34163 /* Preview Assets.xcassets */; };
		83B25AFF288F977D00F34163 /* LandmarksTests.swift in Sources */ = {isa = PBXBuildFile; fileRef = 83B25AFE288F977D00F34163 /* LandmarksTests.swift */; };
		83B25B09288F977D00F34163 /* LandmarksUITests.swift in Sources */ = {isa = PBXBuildFile; fileRef = 83B25B08288F977D00F34163 /* LandmarksUITests.swift */; };
		83B25B0B288F977D00F34163 /* LandmarksUITestsLaunchTests.swift in Sources */ = {isa = PBXBuildFile; fileRef = 83B25B0A288F977D00F34163 /* LandmarksUITestsLaunchTests.swift */; };
		83B25B18288FA85300F34163 /* CircleImage.swift in Sources */ = {isa = PBXBuildFile; fileRef = 83B25B17288FA85300F34163 /* CircleImage.swift */; };
		83B25B19288FA85300F34163 /* CircleImage.swift in Sources */ = {isa = PBXBuildFile; fileRef = 83B25B17288FA85300F34163 /* CircleImage.swift */; };
		83B25B1A288FA85300F34163 /* CircleImage.swift in Sources */ = {isa = PBXBuildFile; fileRef = 83B25B17288FA85300F34163 /* CircleImage.swift */; };
		83B25B1C288FA97D00F34163 /* MapView.swift in Sources */ = {isa = PBXBuildFile; fileRef = 83B25B1B288FA97D00F34163 /* MapView.swift */; };
		83B25B1D288FA97D00F34163 /* MapView.swift in Sources */ = {isa = PBXBuildFile; fileRef = 83B25B1B288FA97D00F34163 /* MapView.swift */; };
		83B25B1E288FA97D00F34163 /* MapView.swift in Sources */ = {isa = PBXBuildFile; fileRef = 83B25B1B288FA97D00F34163 /* MapView.swift */; };
		83B25B2028901E1600F34163 /* landmarkData.json in Resources */ = {isa = PBXBuildFile; fileRef = 83B25B1F28901E1600F34163 /* landmarkData.json */; };
		83B25B2128901E1600F34163 /* landmarkData.json in Resources */ = {isa = PBXBuildFile; fileRef = 83B25B1F28901E1600F34163 /* landmarkData.json */; };
		83B25B2228901E1600F34163 /* landmarkData.json in Resources */ = {isa = PBXBuildFile; fileRef = 83B25B1F28901E1600F34163 /* landmarkData.json */; };
		83B25B2428901E7200F34163 /* Landmark.swift in Sources */ = {isa = PBXBuildFile; fileRef = 83B25B2328901E7200F34163 /* Landmark.swift */; };
		83B25B2528901E7200F34163 /* Landmark.swift in Sources */ = {isa = PBXBuildFile; fileRef = 83B25B2328901E7200F34163 /* Landmark.swift */; };
		83B25B2628901E7200F34163 /* Landmark.swift in Sources */ = {isa = PBXBuildFile; fileRef = 83B25B2328901E7200F34163 /* Landmark.swift */; };
		83B25B2828901FE200F34163 /* ModelData.swift in Sources */ = {isa = PBXBuildFile; fileRef = 83B25B2728901FE200F34163 /* ModelData.swift */; };
		83B25B2928901FE200F34163 /* ModelData.swift in Sources */ = {isa = PBXBuildFile; fileRef = 83B25B2728901FE200F34163 /* ModelData.swift */; };
		83B25B2A28901FE200F34163 /* ModelData.swift in Sources */ = {isa = PBXBuildFile; fileRef = 83B25B2728901FE200F34163 /* ModelData.swift */; };
		83B25B2D2890226100F34163 /* ContentView.swift in Sources */ = {isa = PBXBuildFile; fileRef = 83B25AEF288F977B00F34163 /* ContentView.swift */; };
		83B25B2E2890226100F34163 /* ContentView.swift in Sources */ = {isa = PBXBuildFile; fileRef = 83B25AEF288F977B00F34163 /* ContentView.swift */; };
		83B373872898C7DC007C939B /* ProfileHost.swift in Sources */ = {isa = PBXBuildFile; fileRef = 83B373862898C7DC007C939B /* ProfileHost.swift */; };
		83B373882898C7DC007C939B /* ProfileHost.swift in Sources */ = {isa = PBXBuildFile; fileRef = 83B373862898C7DC007C939B /* ProfileHost.swift */; };
		83B373892898C7DC007C939B /* ProfileHost.swift in Sources */ = {isa = PBXBuildFile; fileRef = 83B373862898C7DC007C939B /* ProfileHost.swift */; };
		83B611C22897D70300317B97 /* Badge.swift in Sources */ = {isa = PBXBuildFile; fileRef = 83B611C12897D70300317B97 /* Badge.swift */; };
		83B611C32897D70300317B97 /* Badge.swift in Sources */ = {isa = PBXBuildFile; fileRef = 83B611C12897D70300317B97 /* Badge.swift */; };
		83B611C42897D70300317B97 /* Badge.swift in Sources */ = {isa = PBXBuildFile; fileRef = 83B611C12897D70300317B97 /* Badge.swift */; };
		83B611C62897D8CF00317B97 /* RotatedBadgeSymbol.swift in Sources */ = {isa = PBXBuildFile; fileRef = 83B611C52897D8CF00317B97 /* RotatedBadgeSymbol.swift */; };
		83B611C72897D8CF00317B97 /* RotatedBadgeSymbol.swift in Sources */ = {isa = PBXBuildFile; fileRef = 83B611C52897D8CF00317B97 /* RotatedBadgeSymbol.swift */; };
		83B611C82897D8CF00317B97 /* RotatedBadgeSymbol.swift in Sources */ = {isa = PBXBuildFile; fileRef = 83B611C52897D8CF00317B97 /* RotatedBadgeSymbol.swift */; };
		83B611CA2897D91000317B97 /* BadgeSymbol.swift in Sources */ = {isa = PBXBuildFile; fileRef = 83B611C92897D91000317B97 /* BadgeSymbol.swift */; };
		83B611CB2897D91000317B97 /* BadgeSymbol.swift in Sources */ = {isa = PBXBuildFile; fileRef = 83B611C92897D91000317B97 /* BadgeSymbol.swift */; };
		83B611CC2897D91000317B97 /* BadgeSymbol.swift in Sources */ = {isa = PBXBuildFile; fileRef = 83B611C92897D91000317B97 /* BadgeSymbol.swift */; };
/* End PBXBuildFile section */

/* Begin PBXContainerItemProxy section */
		83B25AFB288F977D00F34163 /* PBXContainerItemProxy */ = {
			isa = PBXContainerItemProxy;
			containerPortal = 83B25AE2288F977B00F34163 /* Project object */;
			proxyType = 1;
			remoteGlobalIDString = 83B25AE9288F977B00F34163;
			remoteInfo = Landmarks;
		};
		83B25B05288F977D00F34163 /* PBXContainerItemProxy */ = {
			isa = PBXContainerItemProxy;
			containerPortal = 83B25AE2288F977B00F34163 /* Project object */;
			proxyType = 1;
			remoteGlobalIDString = 83B25AE9288F977B00F34163;
			remoteInfo = Landmarks;
		};
/* End PBXContainerItemProxy section */

/* Begin PBXFileReference section */
		83309C8F28912CFB00C3F3F2 /* FavoriteButton.swift */ = {isa = PBXFileReference; lastKnownFileType = sourcecode.swift; path = FavoriteButton.swift; sourceTree = "<group>"; };
		83309C94289155BB00C3F3F2 /* HexagonParameters.swift */ = {isa = PBXFileReference; lastKnownFileType = sourcecode.swift; path = HexagonParameters.swift; sourceTree = "<group>"; };
		83309C98289159B800C3F3F2 /* BadgeBackground.swift */ = {isa = PBXFileReference; lastKnownFileType = sourcecode.swift; path = BadgeBackground.swift; sourceTree = "<group>"; };
		834BB41E2890ACEC002D6CE7 /* LandmarkRow.swift */ = {isa = PBXFileReference; lastKnownFileType = sourcecode.swift; path = LandmarkRow.swift; sourceTree = "<group>"; };
		834BB4222890AF34002D6CE7 /* LandmarkList.swift */ = {isa = PBXFileReference; lastKnownFileType = sourcecode.swift; path = LandmarkList.swift; sourceTree = "<group>"; };
		834BB4262890B0D2002D6CE7 /* LandmarkDetail.swift */ = {isa = PBXFileReference; lastKnownFileType = sourcecode.swift; path = LandmarkDetail.swift; sourceTree = "<group>"; };
		8379FFD62893F18C00A763E0 /* hikeData.json */ = {isa = PBXFileReference; fileEncoding = 4; lastKnownFileType = text.json; path = hikeData.json; sourceTree = "<group>"; };
		8379FFDA2893F1CA00A763E0 /* Hike.swift */ = {isa = PBXFileReference; lastKnownFileType = sourcecode.swift; path = Hike.swift; sourceTree = "<group>"; };
		8379FFDF2893F5D200A763E0 /* GraphCapsule.swift */ = {isa = PBXFileReference; fileEncoding = 4; lastKnownFileType = sourcecode.swift; path = GraphCapsule.swift; sourceTree = "<group>"; };
		8379FFE02893F5D200A763E0 /* HikeGraph.swift */ = {isa = PBXFileReference; fileEncoding = 4; lastKnownFileType = sourcecode.swift; path = HikeGraph.swift; sourceTree = "<group>"; };
		8379FFE12893F5D200A763E0 /* HikeDetail.swift */ = {isa = PBXFileReference; fileEncoding = 4; lastKnownFileType = sourcecode.swift; path = HikeDetail.swift; sourceTree = "<group>"; };
		8379FFE22893F5D200A763E0 /* HikeView.swift */ = {isa = PBXFileReference; fileEncoding = 4; lastKnownFileType = sourcecode.swift; path = HikeView.swift; sourceTree = "<group>"; };
		83A8CCE52894CB26000F7FE5 /* CategoryHome.swift */ = {isa = PBXFileReference; lastKnownFileType = sourcecode.swift; path = CategoryHome.swift; sourceTree = "<group>"; };
		83A8CCE928954244000F7FE5 /* CategoryRow.swift */ = {isa = PBXFileReference; lastKnownFileType = sourcecode.swift; path = CategoryRow.swift; sourceTree = "<group>"; };
		83A8CCED28954507000F7FE5 /* CategoryItem.swift */ = {isa = PBXFileReference; lastKnownFileType = sourcecode.swift; path = CategoryItem.swift; sourceTree = "<group>"; };
		83A8CCF128954DB9000F7FE5 /* Profile.swift */ = {isa = PBXFileReference; lastKnownFileType = sourcecode.swift; path = Profile.swift; sourceTree = "<group>"; };
		83A8CCF92895501A000F7FE5 /* ProfileSummary.swift */ = {isa = PBXFileReference; lastKnownFileType = sourcecode.swift; path = ProfileSummary.swift; sourceTree = "<group>"; };
		83A8CD022895619B000F7FE5 /* HikeBadge.swift */ = {isa = PBXFileReference; lastKnownFileType = sourcecode.swift; path = HikeBadge.swift; sourceTree = "<group>"; };
		83B25AEA288F977B00F34163 /* Landmarks.app */ = {isa = PBXFileReference; explicitFileType = wrapper.application; includeInIndex = 0; path = Landmarks.app; sourceTree = BUILT_PRODUCTS_DIR; };
		83B25AED288F977B00F34163 /* LandmarksApp.swift */ = {isa = PBXFileReference; lastKnownFileType = sourcecode.swift; path = LandmarksApp.swift; sourceTree = "<group>"; };
		83B25AEF288F977B00F34163 /* ContentView.swift */ = {isa = PBXFileReference; lastKnownFileType = sourcecode.swift; path = ContentView.swift; sourceTree = "<group>"; };
		83B25AF1288F977D00F34163 /* Assets.xcassets */ = {isa = PBXFileReference; lastKnownFileType = folder.assetcatalog; path = Assets.xcassets; sourceTree = "<group>"; };
		83B25AF4288F977D00F34163 /* Preview Assets.xcassets */ = {isa = PBXFileReference; lastKnownFileType = folder.assetcatalog; path = "Preview Assets.xcassets"; sourceTree = "<group>"; };
		83B25AFA288F977D00F34163 /* LandmarksTests.xctest */ = {isa = PBXFileReference; explicitFileType = wrapper.cfbundle; includeInIndex = 0; path = LandmarksTests.xctest; sourceTree = BUILT_PRODUCTS_DIR; };
		83B25AFE288F977D00F34163 /* LandmarksTests.swift */ = {isa = PBXFileReference; lastKnownFileType = sourcecode.swift; path = LandmarksTests.swift; sourceTree = "<group>"; };
		83B25B04288F977D00F34163 /* LandmarksUITests.xctest */ = {isa = PBXFileReference; explicitFileType = wrapper.cfbundle; includeInIndex = 0; path = LandmarksUITests.xctest; sourceTree = BUILT_PRODUCTS_DIR; };
		83B25B08288F977D00F34163 /* LandmarksUITests.swift */ = {isa = PBXFileReference; lastKnownFileType = sourcecode.swift; path = LandmarksUITests.swift; sourceTree = "<group>"; };
		83B25B0A288F977D00F34163 /* LandmarksUITestsLaunchTests.swift */ = {isa = PBXFileReference; lastKnownFileType = sourcecode.swift; path = LandmarksUITestsLaunchTests.swift; sourceTree = "<group>"; };
		83B25B17288FA85300F34163 /* CircleImage.swift */ = {isa = PBXFileReference; lastKnownFileType = sourcecode.swift; path = CircleImage.swift; sourceTree = "<group>"; };
		83B25B1B288FA97D00F34163 /* MapView.swift */ = {isa = PBXFileReference; lastKnownFileType = sourcecode.swift; path = MapView.swift; sourceTree = "<group>"; };
		83B25B1F28901E1600F34163 /* landmarkData.json */ = {isa = PBXFileReference; fileEncoding = 4; lastKnownFileType = text.json; path = landmarkData.json; sourceTree = "<group>"; };
		83B25B2328901E7200F34163 /* Landmark.swift */ = {isa = PBXFileReference; lastKnownFileType = sourcecode.swift; path = Landmark.swift; sourceTree = "<group>"; };
		83B25B2728901FE200F34163 /* ModelData.swift */ = {isa = PBXFileReference; lastKnownFileType = sourcecode.swift; path = ModelData.swift; sourceTree = "<group>"; };
		83B373862898C7DC007C939B /* ProfileHost.swift */ = {isa = PBXFileReference; lastKnownFileType = sourcecode.swift; path = ProfileHost.swift; sourceTree = "<group>"; };
		83B611C12897D70300317B97 /* Badge.swift */ = {isa = PBXFileReference; lastKnownFileType = sourcecode.swift; path = Badge.swift; sourceTree = "<group>"; };
		83B611C52897D8CF00317B97 /* RotatedBadgeSymbol.swift */ = {isa = PBXFileReference; lastKnownFileType = sourcecode.swift; path = RotatedBadgeSymbol.swift; sourceTree = "<group>"; };
		83B611C92897D91000317B97 /* BadgeSymbol.swift */ = {isa = PBXFileReference; lastKnownFileType = sourcecode.swift; path = BadgeSymbol.swift; sourceTree = "<group>"; };
/* End PBXFileReference section */

/* Begin PBXFrameworksBuildPhase section */
		83B25AE7288F977B00F34163 /* Frameworks */ = {
			isa = PBXFrameworksBuildPhase;
			buildActionMask = 2147483647;
			files = (
			);
			runOnlyForDeploymentPostprocessing = 0;
		};
		83B25AF7288F977D00F34163 /* Frameworks */ = {
			isa = PBXFrameworksBuildPhase;
			buildActionMask = 2147483647;
			files = (
			);
			runOnlyForDeploymentPostprocessing = 0;
		};
		83B25B01288F977D00F34163 /* Frameworks */ = {
			isa = PBXFrameworksBuildPhase;
			buildActionMask = 2147483647;
			files = (
			);
			runOnlyForDeploymentPostprocessing = 0;
		};
/* End PBXFrameworksBuildPhase section */

/* Begin PBXGroup section */
		83309C9328912E2100C3F3F2 /* Helpers */ = {
			isa = PBXGroup;
			children = (
				83309C8F28912CFB00C3F3F2 /* FavoriteButton.swift */,
				83B25B17288FA85300F34163 /* CircleImage.swift */,
				83B25B1B288FA97D00F34163 /* MapView.swift */,
				83309C94289155BB00C3F3F2 /* HexagonParameters.swift */,
				8379FFDA2893F1CA00A763E0 /* Hike.swift */,
			);
			path = Helpers;
			sourceTree = "<group>";
		};
		8379FFDE2893F5D200A763E0 /* Hikes */ = {
			isa = PBXGroup;
			children = (
				8379FFDF2893F5D200A763E0 /* GraphCapsule.swift */,
				8379FFE02893F5D200A763E0 /* HikeGraph.swift */,
				8379FFE12893F5D200A763E0 /* HikeDetail.swift */,
				8379FFE22893F5D200A763E0 /* HikeView.swift */,
			);
			path = Hikes;
			sourceTree = "<group>";
		};
		83A8CCE42894CB0E000F7FE5 /* Categories */ = {
			isa = PBXGroup;
			children = (
				83A8CCE52894CB26000F7FE5 /* CategoryHome.swift */,
				83A8CCE928954244000F7FE5 /* CategoryRow.swift */,
				83A8CCED28954507000F7FE5 /* CategoryItem.swift */,
			);
			path = Categories;
			sourceTree = "<group>";
		};
		83A8CCFD28955F40000F7FE5 /* Profiles */ = {
			isa = PBXGroup;
			children = (
				83A8CD022895619B000F7FE5 /* HikeBadge.swift */,
				83B373862898C7DC007C939B /* ProfileHost.swift */,
				83A8CCF92895501A000F7FE5 /* ProfileSummary.swift */,
			);
			path = Profiles;
			sourceTree = "<group>";
		};
		83B25AE1288F977B00F34163 = {
			isa = PBXGroup;
			children = (
				83B25AEC288F977B00F34163 /* Landmarks */,
				83B25AFD288F977D00F34163 /* LandmarksTests */,
				83B25B07288F977D00F34163 /* LandmarksUITests */,
				83B25AEB288F977B00F34163 /* Products */,
			);
			sourceTree = "<group>";
		};
		83B25AEB288F977B00F34163 /* Products */ = {
			isa = PBXGroup;
			children = (
				83B25AEA288F977B00F34163 /* Landmarks.app */,
				83B25AFA288F977D00F34163 /* LandmarksTests.xctest */,
				83B25B04288F977D00F34163 /* LandmarksUITests.xctest */,
			);
			name = Products;
			sourceTree = "<group>";
		};
		83B25AEC288F977B00F34163 /* Landmarks */ = {
			isa = PBXGroup;
			children = (
				83A8CCFD28955F40000F7FE5 /* Profiles */,
				83A8CCE42894CB0E000F7FE5 /* Categories */,
				8379FFDE2893F5D200A763E0 /* Hikes */,
				83309C9328912E2100C3F3F2 /* Helpers */,
				83B25B2F2890227500F34163 /* Model */,
				83B25B2C2890225500F34163 /* Views */,
				83B25B2B2890224700F34163 /* Resources */,
				83B25AED288F977B00F34163 /* LandmarksApp.swift */,
				83B25AF1288F977D00F34163 /* Assets.xcassets */,
				83B25AF3288F977D00F34163 /* Preview Content */,
			);
			path = Landmarks;
			sourceTree = "<group>";
		};
		83B25AF3288F977D00F34163 /* Preview Content */ = {
			isa = PBXGroup;
			children = (
				83B25AF4288F977D00F34163 /* Preview Assets.xcassets */,
			);
			path = "Preview Content";
			sourceTree = "<group>";
		};
		83B25AFD288F977D00F34163 /* LandmarksTests */ = {
			isa = PBXGroup;
			children = (
				83B25AFE288F977D00F34163 /* LandmarksTests.swift */,
			);
			path = LandmarksTests;
			sourceTree = "<group>";
		};
		83B25B07288F977D00F34163 /* LandmarksUITests */ = {
			isa = PBXGroup;
			children = (
				83B25B08288F977D00F34163 /* LandmarksUITests.swift */,
				83B25B0A288F977D00F34163 /* LandmarksUITestsLaunchTests.swift */,
			);
			path = LandmarksUITests;
			sourceTree = "<group>";
		};
		83B25B2B2890224700F34163 /* Resources */ = {
			isa = PBXGroup;
			children = (
				83B25B1F28901E1600F34163 /* landmarkData.json */,
				8379FFD62893F18C00A763E0 /* hikeData.json */,
			);
			path = Resources;
			sourceTree = "<group>";
		};
		83B25B2C2890225500F34163 /* Views */ = {
			isa = PBXGroup;
			children = (
				83B25AEF288F977B00F34163 /* ContentView.swift */,
				834BB41E2890ACEC002D6CE7 /* LandmarkRow.swift */,
				834BB4222890AF34002D6CE7 /* LandmarkList.swift */,
				834BB4262890B0D2002D6CE7 /* LandmarkDetail.swift */,
				83309C98289159B800C3F3F2 /* BadgeBackground.swift */,
				83B611C12897D70300317B97 /* Badge.swift */,
				83B611C52897D8CF00317B97 /* RotatedBadgeSymbol.swift */,
				83B611C92897D91000317B97 /* BadgeSymbol.swift */,
			);
			path = Views;
			sourceTree = "<group>";
		};
		83B25B2F2890227500F34163 /* Model */ = {
			isa = PBXGroup;
			children = (
				83B25B2728901FE200F34163 /* ModelData.swift */,
				83B25B2328901E7200F34163 /* Landmark.swift */,
				83A8CCF128954DB9000F7FE5 /* Profile.swift */,
			);
			path = Model;
			sourceTree = "<group>";
		};
/* End PBXGroup section */

/* Begin PBXNativeTarget section */
		83B25AE9288F977B00F34163 /* Landmarks */ = {
			isa = PBXNativeTarget;
			buildConfigurationList = 83B25B0E288F977D00F34163 /* Build configuration list for PBXNativeTarget "Landmarks" */;
			buildPhases = (
				83B25AE6288F977B00F34163 /* Sources */,
				83B25AE7288F977B00F34163 /* Frameworks */,
				83B25AE8288F977B00F34163 /* Resources */,
			);
			buildRules = (
			);
			dependencies = (
			);
			name = Landmarks;
			productName = Landmarks;
			productReference = 83B25AEA288F977B00F34163 /* Landmarks.app */;
			productType = "com.apple.product-type.application";
		};
		83B25AF9288F977D00F34163 /* LandmarksTests */ = {
			isa = PBXNativeTarget;
			buildConfigurationList = 83B25B11288F977D00F34163 /* Build configuration list for PBXNativeTarget "LandmarksTests" */;
			buildPhases = (
				83B25AF6288F977D00F34163 /* Sources */,
				83B25AF7288F977D00F34163 /* Frameworks */,
				83B25AF8288F977D00F34163 /* Resources */,
			);
			buildRules = (
			);
			dependencies = (
				83B25AFC288F977D00F34163 /* PBXTargetDependency */,
			);
			name = LandmarksTests;
			productName = LandmarksTests;
			productReference = 83B25AFA288F977D00F34163 /* LandmarksTests.xctest */;
			productType = "com.apple.product-type.bundle.unit-test";
		};
		83B25B03288F977D00F34163 /* LandmarksUITests */ = {
			isa = PBXNativeTarget;
			buildConfigurationList = 83B25B14288F977D00F34163 /* Build configuration list for PBXNativeTarget "LandmarksUITests" */;
			buildPhases = (
				83B25B00288F977D00F34163 /* Sources */,
				83B25B01288F977D00F34163 /* Frameworks */,
				83B25B02288F977D00F34163 /* Resources */,
			);
			buildRules = (
			);
			dependencies = (
				83B25B06288F977D00F34163 /* PBXTargetDependency */,
			);
			name = LandmarksUITests;
			productName = LandmarksUITests;
			productReference = 83B25B04288F977D00F34163 /* LandmarksUITests.xctest */;
			productType = "com.apple.product-type.bundle.ui-testing";
		};
/* End PBXNativeTarget section */

/* Begin PBXProject section */
		83B25AE2288F977B00F34163 /* Project object */ = {
			isa = PBXProject;
			attributes = {
				BuildIndependentTargetsInParallel = 1;
				LastSwiftUpdateCheck = 1340;
				LastUpgradeCheck = 1340;
				TargetAttributes = {
					83B25AE9288F977B00F34163 = {
						CreatedOnToolsVersion = 13.4;
					};
					83B25AF9288F977D00F34163 = {
						CreatedOnToolsVersion = 13.4;
						TestTargetID = 83B25AE9288F977B00F34163;
					};
					83B25B03288F977D00F34163 = {
						CreatedOnToolsVersion = 13.4;
						TestTargetID = 83B25AE9288F977B00F34163;
					};
				};
			};
			buildConfigurationList = 83B25AE5288F977B00F34163 /* Build configuration list for PBXProject "Landmarks" */;
			compatibilityVersion = "Xcode 13.0";
			developmentRegion = en;
			hasScannedForEncodings = 0;
			knownRegions = (
				en,
				Base,
			);
			mainGroup = 83B25AE1288F977B00F34163;
			productRefGroup = 83B25AEB288F977B00F34163 /* Products */;
			projectDirPath = "";
			projectRoot = "";
			targets = (
				83B25AE9288F977B00F34163 /* Landmarks */,
				83B25AF9288F977D00F34163 /* LandmarksTests */,
				83B25B03288F977D00F34163 /* LandmarksUITests */,
			);
		};
/* End PBXProject section */

/* Begin PBXResourcesBuildPhase section */
		83B25AE8288F977B00F34163 /* Resources */ = {
			isa = PBXResourcesBuildPhase;
			buildActionMask = 2147483647;
			files = (
				8379FFD72893F18C00A763E0 /* hikeData.json in Resources */,
				83B25AF5288F977D00F34163 /* Preview Assets.xcassets in Resources */,
				83B25AF2288F977D00F34163 /* Assets.xcassets in Resources */,
				83B25B2028901E1600F34163 /* landmarkData.json in Resources */,
			);
			runOnlyForDeploymentPostprocessing = 0;
		};
		83B25AF8288F977D00F34163 /* Resources */ = {
			isa = PBXResourcesBuildPhase;
			buildActionMask = 2147483647;
			files = (
				8379FFD82893F18C00A763E0 /* hikeData.json in Resources */,
				83B25B2128901E1600F34163 /* landmarkData.json in Resources */,
			);
			runOnlyForDeploymentPostprocessing = 0;
		};
		83B25B02288F977D00F34163 /* Resources */ = {
			isa = PBXResourcesBuildPhase;
			buildActionMask = 2147483647;
			files = (
				8379FFD92893F18C00A763E0 /* hikeData.json in Resources */,
				83B25B2228901E1600F34163 /* landmarkData.json in Resources */,
			);
			runOnlyForDeploymentPostprocessing = 0;
		};
/* End PBXResourcesBuildPhase section */

/* Begin PBXSourcesBuildPhase section */
		83B25AE6288F977B00F34163 /* Sources */ = {
			isa = PBXSourcesBuildPhase;
			buildActionMask = 2147483647;
			files = (
				83B25AF0288F977B00F34163 /* ContentView.swift in Sources */,
				83B25B1C288FA97D00F34163 /* MapView.swift in Sources */,
				83B25AEE288F977B00F34163 /* LandmarksApp.swift in Sources */,
				83309C9028912CFB00C3F3F2 /* FavoriteButton.swift in Sources */,
				8379FFDB2893F1CA00A763E0 /* Hike.swift in Sources */,
				8379FFEC2893F5D200A763E0 /* HikeView.swift in Sources */,
				83309C95289155BB00C3F3F2 /* HexagonParameters.swift in Sources */,
				8379FFE32893F5D200A763E0 /* GraphCapsule.swift in Sources */,
				834BB4232890AF34002D6CE7 /* LandmarkList.swift in Sources */,
				834BB4272890B0D2002D6CE7 /* LandmarkDetail.swift in Sources */,
				83A8CCF228954DB9000F7FE5 /* Profile.swift in Sources */,
				83B611CA2897D91000317B97 /* BadgeSymbol.swift in Sources */,
				83A8CCFA2895501A000F7FE5 /* ProfileSummary.swift in Sources */,
				83A8CCE62894CB26000F7FE5 /* CategoryHome.swift in Sources */,
				83309C99289159B800C3F3F2 /* BadgeBackground.swift in Sources */,
				83B25B18288FA85300F34163 /* CircleImage.swift in Sources */,
				83B25B2428901E7200F34163 /* Landmark.swift in Sources */,
				834BB41F2890ACEC002D6CE7 /* LandmarkRow.swift in Sources */,
				8379FFE62893F5D200A763E0 /* HikeGraph.swift in Sources */,
				83B25B2828901FE200F34163 /* ModelData.swift in Sources */,
				8379FFE92893F5D200A763E0 /* HikeDetail.swift in Sources */,
				83A8CCEE28954507000F7FE5 /* CategoryItem.swift in Sources */,
				83B611C22897D70300317B97 /* Badge.swift in Sources */,
				83B373872898C7DC007C939B /* ProfileHost.swift in Sources */,
				83A8CCEA28954244000F7FE5 /* CategoryRow.swift in Sources */,
				83B611C62897D8CF00317B97 /* RotatedBadgeSymbol.swift in Sources */,
				83A8CD032895619B000F7FE5 /* HikeBadge.swift in Sources */,
			);
			runOnlyForDeploymentPostprocessing = 0;
		};
		83B25AF6288F977D00F34163 /* Sources */ = {
			isa = PBXSourcesBuildPhase;
			buildActionMask = 2147483647;
			files = (
				83B25AFF288F977D00F34163 /* LandmarksTests.swift in Sources */,
				83B25B1D288FA97D00F34163 /* MapView.swift in Sources */,
				83B25B2D2890226100F34163 /* ContentView.swift in Sources */,
				83309C9128912CFB00C3F3F2 /* FavoriteButton.swift in Sources */,
				8379FFDC2893F1CA00A763E0 /* Hike.swift in Sources */,
				8379FFED2893F5D200A763E0 /* HikeView.swift in Sources */,
				83309C96289155BB00C3F3F2 /* HexagonParameters.swift in Sources */,
				8379FFE42893F5D200A763E0 /* GraphCapsule.swift in Sources */,
				834BB4242890AF34002D6CE7 /* LandmarkList.swift in Sources */,
				834BB4282890B0D2002D6CE7 /* LandmarkDetail.swift in Sources */,
				83A8CCF328954DB9000F7FE5 /* Profile.swift in Sources */,
				83B611CB2897D91000317B97 /* BadgeSymbol.swift in Sources */,
				83A8CCFB2895501A000F7FE5 /* ProfileSummary.swift in Sources */,
				83A8CCE72894CB26000F7FE5 /* CategoryHome.swift in Sources */,
				83309C9A289159B800C3F3F2 /* BadgeBackground.swift in Sources */,
				83B25B2928901FE200F34163 /* ModelData.swift in Sources */,
				83B25B19288FA85300F34163 /* CircleImage.swift in Sources */,
				834BB4202890ACEC002D6CE7 /* LandmarkRow.swift in Sources */,
				8379FFE72893F5D200A763E0 /* HikeGraph.swift in Sources */,
				83B25B2528901E7200F34163 /* Landmark.swift in Sources */,
				8379FFEA2893F5D200A763E0 /* HikeDetail.swift in Sources */,
				83A8CCEF28954507000F7FE5 /* CategoryItem.swift in Sources */,
				83B611C32897D70300317B97 /* Badge.swift in Sources */,
				83B373882898C7DC007C939B /* ProfileHost.swift in Sources */,
				83A8CCEB28954244000F7FE5 /* CategoryRow.swift in Sources */,
				83B611C72897D8CF00317B97 /* RotatedBadgeSymbol.swift in Sources */,
				83A8CD042895619B000F7FE5 /* HikeBadge.swift in Sources */,
			);
			runOnlyForDeploymentPostprocessing = 0;
		};
		83B25B00288F977D00F34163 /* Sources */ = {
			isa = PBXSourcesBuildPhase;
			buildActionMask = 2147483647;
			files = (
				83309C97289155BB00C3F3F2 /* HexagonParameters.swift in Sources */,
				83B25B0B288F977D00F34163 /* LandmarksUITestsLaunchTests.swift in Sources */,
				83B373892898C7DC007C939B /* ProfileHost.swift in Sources */,
				83B611C82897D8CF00317B97 /* RotatedBadgeSymbol.swift in Sources */,
				83A8CCEC28954244000F7FE5 /* CategoryRow.swift in Sources */,
				83B25B1E288FA97D00F34163 /* MapView.swift in Sources */,
				83B25B2E2890226100F34163 /* ContentView.swift in Sources */,
				83B25B09288F977D00F34163 /* LandmarksUITests.swift in Sources */,
				8379FFE52893F5D200A763E0 /* GraphCapsule.swift in Sources */,
				834BB4252890AF34002D6CE7 /* LandmarkList.swift in Sources */,
				83B25B1A288FA85300F34163 /* CircleImage.swift in Sources */,
				83A8CD052895619B000F7FE5 /* HikeBadge.swift in Sources */,
				83B611C42897D70300317B97 /* Badge.swift in Sources */,
				8379FFEB2893F5D200A763E0 /* HikeDetail.swift in Sources */,
				83A8CCF028954507000F7FE5 /* CategoryItem.swift in Sources */,
				83B25B2628901E7200F34163 /* Landmark.swift in Sources */,
				83309C9B289159B800C3F3F2 /* BadgeBackground.swift in Sources */,
				83A8CCFC2895501A000F7FE5 /* ProfileSummary.swift in Sources */,
				83A8CCE82894CB26000F7FE5 /* CategoryHome.swift in Sources */,
				834BB4212890ACEC002D6CE7 /* LandmarkRow.swift in Sources */,
				8379FFDD2893F1CA00A763E0 /* Hike.swift in Sources */,
				83B611CC2897D91000317B97 /* BadgeSymbol.swift in Sources */,
				8379FFEE2893F5D200A763E0 /* HikeView.swift in Sources */,
				834BB4292890B0D2002D6CE7 /* LandmarkDetail.swift in Sources */,
				8379FFE82893F5D200A763E0 /* HikeGraph.swift in Sources */,
				83A8CCF428954DB9000F7FE5 /* Profile.swift in Sources */,
				83309C9228912CFB00C3F3F2 /* FavoriteButton.swift in Sources */,
				83B25B2A28901FE200F34163 /* ModelData.swift in Sources */,
			);
			runOnlyForDeploymentPostprocessing = 0;
		};
/* End PBXSourcesBuildPhase section */

/* Begin PBXTargetDependency section */
		83B25AFC288F977D00F34163 /* PBXTargetDependency */ = {
			isa = PBXTargetDependency;
			target = 83B25AE9288F977B00F34163 /* Landmarks */;
			targetProxy = 83B25AFB288F977D00F34163 /* PBXContainerItemProxy */;
		};
		83B25B06288F977D00F34163 /* PBXTargetDependency */ = {
			isa = PBXTargetDependency;
			target = 83B25AE9288F977B00F34163 /* Landmarks */;
			targetProxy = 83B25B05288F977D00F34163 /* PBXContainerItemProxy */;
		};
/* End PBXTargetDependency section */

/* Begin XCBuildConfiguration section */
		83B25B0C288F977D00F34163 /* Debug */ = {
			isa = XCBuildConfiguration;
			buildSettings = {
				ALWAYS_SEARCH_USER_PATHS = NO;
				CLANG_ANALYZER_NONNULL = YES;
				CLANG_ANALYZER_NUMBER_OBJECT_CONVERSION = YES_AGGRESSIVE;
				CLANG_CXX_LANGUAGE_STANDARD = "gnu++17";
				CLANG_ENABLE_MODULES = YES;
				CLANG_ENABLE_OBJC_ARC = YES;
				CLANG_ENABLE_OBJC_WEAK = YES;
				CLANG_WARN_BLOCK_CAPTURE_AUTORELEASING = YES;
				CLANG_WARN_BOOL_CONVERSION = YES;
				CLANG_WARN_COMMA = YES;
				CLANG_WARN_CONSTANT_CONVERSION = YES;
				CLANG_WARN_DEPRECATED_OBJC_IMPLEMENTATIONS = YES;
				CLANG_WARN_DIRECT_OBJC_ISA_USAGE = YES_ERROR;
				CLANG_WARN_DOCUMENTATION_COMMENTS = YES;
				CLANG_WARN_EMPTY_BODY = YES;
				CLANG_WARN_ENUM_CONVERSION = YES;
				CLANG_WARN_INFINITE_RECURSION = YES;
				CLANG_WARN_INT_CONVERSION = YES;
				CLANG_WARN_NON_LITERAL_NULL_CONVERSION = YES;
				CLANG_WARN_OBJC_IMPLICIT_RETAIN_SELF = YES;
				CLANG_WARN_OBJC_LITERAL_CONVERSION = YES;
				CLANG_WARN_OBJC_ROOT_CLASS = YES_ERROR;
				CLANG_WARN_QUOTED_INCLUDE_IN_FRAMEWORK_HEADER = YES;
				CLANG_WARN_RANGE_LOOP_ANALYSIS = YES;
				CLANG_WARN_STRICT_PROTOTYPES = YES;
				CLANG_WARN_SUSPICIOUS_MOVE = YES;
				CLANG_WARN_UNGUARDED_AVAILABILITY = YES_AGGRESSIVE;
				CLANG_WARN_UNREACHABLE_CODE = YES;
				CLANG_WARN__DUPLICATE_METHOD_MATCH = YES;
				COPY_PHASE_STRIP = NO;
				DEBUG_INFORMATION_FORMAT = dwarf;
				ENABLE_STRICT_OBJC_MSGSEND = YES;
				ENABLE_TESTABILITY = YES;
				GCC_C_LANGUAGE_STANDARD = gnu11;
				GCC_DYNAMIC_NO_PIC = NO;
				GCC_NO_COMMON_BLOCKS = YES;
				GCC_OPTIMIZATION_LEVEL = 0;
				GCC_PREPROCESSOR_DEFINITIONS = (
					"DEBUG=1",
					"$(inherited)",
				);
				GCC_WARN_64_TO_32_BIT_CONVERSION = YES;
				GCC_WARN_ABOUT_RETURN_TYPE = YES_ERROR;
				GCC_WARN_UNDECLARED_SELECTOR = YES;
				GCC_WARN_UNINITIALIZED_AUTOS = YES_AGGRESSIVE;
				GCC_WARN_UNUSED_FUNCTION = YES;
				GCC_WARN_UNUSED_VARIABLE = YES;
				IPHONEOS_DEPLOYMENT_TARGET = 15.5;
				MTL_ENABLE_DEBUG_INFO = INCLUDE_SOURCE;
				MTL_FAST_MATH = YES;
				ONLY_ACTIVE_ARCH = YES;
				SDKROOT = iphoneos;
				SWIFT_ACTIVE_COMPILATION_CONDITIONS = DEBUG;
				SWIFT_OPTIMIZATION_LEVEL = "-Onone";
			};
			name = Debug;
		};
		83B25B0D288F977D00F34163 /* Release */ = {
			isa = XCBuildConfiguration;
			buildSettings = {
				ALWAYS_SEARCH_USER_PATHS = NO;
				CLANG_ANALYZER_NONNULL = YES;
				CLANG_ANALYZER_NUMBER_OBJECT_CONVERSION = YES_AGGRESSIVE;
				CLANG_CXX_LANGUAGE_STANDARD = "gnu++17";
				CLANG_ENABLE_MODULES = YES;
				CLANG_ENABLE_OBJC_ARC = YES;
				CLANG_ENABLE_OBJC_WEAK = YES;
				CLANG_WARN_BLOCK_CAPTURE_AUTORELEASING = YES;
				CLANG_WARN_BOOL_CONVERSION = YES;
				CLANG_WARN_COMMA = YES;
				CLANG_WARN_CONSTANT_CONVERSION = YES;
				CLANG_WARN_DEPRECATED_OBJC_IMPLEMENTATIONS = YES;
				CLANG_WARN_DIRECT_OBJC_ISA_USAGE = YES_ERROR;
				CLANG_WARN_DOCUMENTATION_COMMENTS = YES;
				CLANG_WARN_EMPTY_BODY = YES;
				CLANG_WARN_ENUM_CONVERSION = YES;
				CLANG_WARN_INFINITE_RECURSION = YES;
				CLANG_WARN_INT_CONVERSION = YES;
				CLANG_WARN_NON_LITERAL_NULL_CONVERSION = YES;
				CLANG_WARN_OBJC_IMPLICIT_RETAIN_SELF = YES;
				CLANG_WARN_OBJC_LITERAL_CONVERSION = YES;
				CLANG_WARN_OBJC_ROOT_CLASS = YES_ERROR;
				CLANG_WARN_QUOTED_INCLUDE_IN_FRAMEWORK_HEADER = YES;
				CLANG_WARN_RANGE_LOOP_ANALYSIS = YES;
				CLANG_WARN_STRICT_PROTOTYPES = YES;
				CLANG_WARN_SUSPICIOUS_MOVE = YES;
				CLANG_WARN_UNGUARDED_AVAILABILITY = YES_AGGRESSIVE;
				CLANG_WARN_UNREACHABLE_CODE = YES;
				CLANG_WARN__DUPLICATE_METHOD_MATCH = YES;
				COPY_PHASE_STRIP = NO;
				DEBUG_INFORMATION_FORMAT = "dwarf-with-dsym";
				ENABLE_NS_ASSERTIONS = NO;
				ENABLE_STRICT_OBJC_MSGSEND = YES;
				GCC_C_LANGUAGE_STANDARD = gnu11;
				GCC_NO_COMMON_BLOCKS = YES;
				GCC_WARN_64_TO_32_BIT_CONVERSION = YES;
				GCC_WARN_ABOUT_RETURN_TYPE = YES_ERROR;
				GCC_WARN_UNDECLARED_SELECTOR = YES;
				GCC_WARN_UNINITIALIZED_AUTOS = YES_AGGRESSIVE;
				GCC_WARN_UNUSED_FUNCTION = YES;
				GCC_WARN_UNUSED_VARIABLE = YES;
				IPHONEOS_DEPLOYMENT_TARGET = 15.5;
				MTL_ENABLE_DEBUG_INFO = NO;
				MTL_FAST_MATH = YES;
				SDKROOT = iphoneos;
				SWIFT_COMPILATION_MODE = wholemodule;
				SWIFT_OPTIMIZATION_LEVEL = "-O";
				VALIDATE_PRODUCT = YES;
			};
			name = Release;
		};
		83B25B0F288F977D00F34163 /* Debug */ = {
			isa = XCBuildConfiguration;
			buildSettings = {
				ASSETCATALOG_COMPILER_APPICON_NAME = AppIcon;
				ASSETCATALOG_COMPILER_GLOBAL_ACCENT_COLOR_NAME = AccentColor;
				ASSETCATALOG_COMPILER_INCLUDE_ALL_APPICON_ASSETS = YES;
				CODE_SIGN_STYLE = Automatic;
				CURRENT_PROJECT_VERSION = 1;
				DEVELOPMENT_ASSET_PATHS = "\"Landmarks/Preview Content\"";
				DEVELOPMENT_TEAM = PA9C8295TV;
				ENABLE_PREVIEWS = YES;
				GENERATE_INFOPLIST_FILE = YES;
				INFOPLIST_KEY_UIApplicationSceneManifest_Generation = YES;
				INFOPLIST_KEY_UIApplicationSupportsIndirectInputEvents = YES;
				INFOPLIST_KEY_UILaunchScreen_Generation = YES;
				INFOPLIST_KEY_UISupportedInterfaceOrientations_iPad = "UIInterfaceOrientationPortrait UIInterfaceOrientationPortraitUpsideDown UIInterfaceOrientationLandscapeLeft UIInterfaceOrientationLandscapeRight";
				INFOPLIST_KEY_UISupportedInterfaceOrientations_iPhone = "UIInterfaceOrientationPortrait UIInterfaceOrientationLandscapeLeft UIInterfaceOrientationLandscapeRight";
				LD_RUNPATH_SEARCH_PATHS = (
					"$(inherited)",
					"@executable_path/Frameworks",
				);
				MARKETING_VERSION = 1.0;
				PRODUCT_BUNDLE_IDENTIFIER = com.asawing.gang.Landmarks;
				PRODUCT_NAME = "$(TARGET_NAME)";
				SWIFT_EMIT_LOC_STRINGS = YES;
				SWIFT_VERSION = 5.0;
				TARGETED_DEVICE_FAMILY = "1,2";
			};
			name = Debug;
		};
		83B25B10288F977D00F34163 /* Release */ = {
			isa = XCBuildConfiguration;
			buildSettings = {
				ASSETCATALOG_COMPILER_APPICON_NAME = AppIcon;
				ASSETCATALOG_COMPILER_GLOBAL_ACCENT_COLOR_NAME = AccentColor;
				ASSETCATALOG_COMPILER_INCLUDE_ALL_APPICON_ASSETS = YES;
				CODE_SIGN_STYLE = Automatic;
				CURRENT_PROJECT_VERSION = 1;
				DEVELOPMENT_ASSET_PATHS = "\"Landmarks/Preview Content\"";
				DEVELOPMENT_TEAM = PA9C8295TV;
				ENABLE_PREVIEWS = YES;
				GENERATE_INFOPLIST_FILE = YES;
				INFOPLIST_KEY_UIApplicationSceneManifest_Generation = YES;
				INFOPLIST_KEY_UIApplicationSupportsIndirectInputEvents = YES;
				INFOPLIST_KEY_UILaunchScreen_Generation = YES;
				INFOPLIST_KEY_UISupportedInterfaceOrientations_iPad = "UIInterfaceOrientationPortrait UIInterfaceOrientationPortraitUpsideDown UIInterfaceOrientationLandscapeLeft UIInterfaceOrientationLandscapeRight";
				INFOPLIST_KEY_UISupportedInterfaceOrientations_iPhone = "UIInterfaceOrientationPortrait UIInterfaceOrientationLandscapeLeft UIInterfaceOrientationLandscapeRight";
				LD_RUNPATH_SEARCH_PATHS = (
					"$(inherited)",
					"@executable_path/Frameworks",
				);
				MARKETING_VERSION = 1.0;
				PRODUCT_BUNDLE_IDENTIFIER = com.asawing.gang.Landmarks;
				PRODUCT_NAME = "$(TARGET_NAME)";
				SWIFT_EMIT_LOC_STRINGS = YES;
				SWIFT_VERSION = 5.0;
				TARGETED_DEVICE_FAMILY = "1,2";
			};
			name = Release;
		};
		83B25B12288F977D00F34163 /* Debug */ = {
			isa = XCBuildConfiguration;
			buildSettings = {
				ALWAYS_EMBED_SWIFT_STANDARD_LIBRARIES = YES;
				BUNDLE_LOADER = "$(TEST_HOST)";
				CODE_SIGN_STYLE = Automatic;
				CURRENT_PROJECT_VERSION = 1;
				DEVELOPMENT_TEAM = PA9C8295TV;
				GENERATE_INFOPLIST_FILE = YES;
				IPHONEOS_DEPLOYMENT_TARGET = 15.5;
				MARKETING_VERSION = 1.0;
				PRODUCT_BUNDLE_IDENTIFIER = com.asawing.gang.LandmarksTests;
				PRODUCT_NAME = "$(TARGET_NAME)";
				SWIFT_EMIT_LOC_STRINGS = NO;
				SWIFT_VERSION = 5.0;
				TARGETED_DEVICE_FAMILY = "1,2";
				TEST_HOST = "$(BUILT_PRODUCTS_DIR)/Landmarks.app/Landmarks";
			};
			name = Debug;
		};
		83B25B13288F977D00F34163 /* Release */ = {
			isa = XCBuildConfiguration;
			buildSettings = {
				ALWAYS_EMBED_SWIFT_STANDARD_LIBRARIES = YES;
				BUNDLE_LOADER = "$(TEST_HOST)";
				CODE_SIGN_STYLE = Automatic;
				CURRENT_PROJECT_VERSION = 1;
				DEVELOPMENT_TEAM = PA9C8295TV;
				GENERATE_INFOPLIST_FILE = YES;
				IPHONEOS_DEPLOYMENT_TARGET = 15.5;
				MARKETING_VERSION = 1.0;
				PRODUCT_BUNDLE_IDENTIFIER = com.asawing.gang.LandmarksTests;
				PRODUCT_NAME = "$(TARGET_NAME)";
				SWIFT_EMIT_LOC_STRINGS = NO;
				SWIFT_VERSION = 5.0;
				TARGETED_DEVICE_FAMILY = "1,2";
				TEST_HOST = "$(BUILT_PRODUCTS_DIR)/Landmarks.app/Landmarks";
			};
			name = Release;
		};
		83B25B15288F977D00F34163 /* Debug */ = {
			isa = XCBuildConfiguration;
			buildSettings = {
				ALWAYS_EMBED_SWIFT_STANDARD_LIBRARIES = YES;
				CODE_SIGN_STYLE = Automatic;
				CURRENT_PROJECT_VERSION = 1;
				DEVELOPMENT_TEAM = PA9C8295TV;
				GENERATE_INFOPLIST_FILE = YES;
				MARKETING_VERSION = 1.0;
				PRODUCT_BUNDLE_IDENTIFIER = com.asawing.gang.LandmarksUITests;
				PRODUCT_NAME = "$(TARGET_NAME)";
				SWIFT_EMIT_LOC_STRINGS = NO;
				SWIFT_VERSION = 5.0;
				TARGETED_DEVICE_FAMILY = "1,2";
				TEST_TARGET_NAME = Landmarks;
			};
			name = Debug;
		};
		83B25B16288F977D00F34163 /* Release */ = {
			isa = XCBuildConfiguration;
			buildSettings = {
				ALWAYS_EMBED_SWIFT_STANDARD_LIBRARIES = YES;
				CODE_SIGN_STYLE = Automatic;
				CURRENT_PROJECT_VERSION = 1;
				DEVELOPMENT_TEAM = PA9C8295TV;
				GENERATE_INFOPLIST_FILE = YES;
				MARKETING_VERSION = 1.0;
				PRODUCT_BUNDLE_IDENTIFIER = com.asawing.gang.LandmarksUITests;
				PRODUCT_NAME = "$(TARGET_NAME)";
				SWIFT_EMIT_LOC_STRINGS = NO;
				SWIFT_VERSION = 5.0;
				TARGETED_DEVICE_FAMILY = "1,2";
				TEST_TARGET_NAME = Landmarks;
			};
			name = Release;
		};
/* End XCBuildConfiguration section */

/* Begin XCConfigurationList section */
		83B25AE5288F977B00F34163 /* Build configuration list for PBXProject "Landmarks" */ = {
			isa = XCConfigurationList;
			buildConfigurations = (
				83B25B0C288F977D00F34163 /* Debug */,
				83B25B0D288F977D00F34163 /* Release */,
			);
			defaultConfigurationIsVisible = 0;
			defaultConfigurationName = Release;
		};
		83B25B0E288F977D00F34163 /* Build configuration list for PBXNativeTarget "Landmarks" */ = {
			isa = XCConfigurationList;
			buildConfigurations = (
				83B25B0F288F977D00F34163 /* Debug */,
				83B25B10288F977D00F34163 /* Release */,
			);
			defaultConfigurationIsVisible = 0;
			defaultConfigurationName = Release;
		};
		83B25B11288F977D00F34163 /* Build configuration list for PBXNativeTarget "LandmarksTests" */ = {
			isa = XCConfigurationList;
			buildConfigurations = (
				83B25B12288F977D00F34163 /* Debug */,
				83B25B13288F977D00F34163 /* Release */,
			);
			defaultConfigurationIsVisible = 0;
			defaultConfigurationName = Release;
		};
		83B25B14288F977D00F34163 /* Build configuration list for PBXNativeTarget "LandmarksUITests" */ = {
			isa = XCConfigurationList;
			buildConfigurations = (
				83B25B15288F977D00F34163 /* Debug */,
				83B25B16288F977D00F34163 /* Release */,
			);
			defaultConfigurationIsVisible = 0;
			defaultConfigurationName = Release;
		};
/* End XCConfigurationList section */
	};
	rootObject = 83B25AE2288F977B00F34163 /* Project object */;
}
